
Microsoft Visual Studio Solution File, Format Version 12.00
# Visual Studio Version 17
VisualStudioVersion = 17.11.35312.102
MinimumVisualStudioVersion = 10.0.40219.1
Project("{FAE04EC0-301F-11D3-BF4B-00C04F79EFBC}") = "rozgrzewka", "rozgrzewka\rozgrzewka.csproj", "{7ECBDD53-3ED1-4BAA-B326-0C1E7FA0363F}"
EndProject
Global
	GlobalSection(SolutionConfigurationPlatforms) = preSolution
		Debug|Any CPU = Debug|Any CPU
		Release|Any CPU = Release|Any CPU
	EndGlobalSection
	GlobalSection(ProjectConfigurationPlatforms) = postSolution
		{7ECBDD53-3ED1-4BAA-B326-0C1E7FA0363F}.Debug|Any CPU.ActiveCfg = Debug|Any CPU
		{7ECBDD53-3ED1-4BAA-B326-0C1E7FA0363F}.Debug|Any CPU.Build.0 = Debug|Any CPU
		{7ECBDD53-3ED1-4BAA-B326-0C1E7FA0363F}.Release|Any CPU.ActiveCfg = Release|Any CPU
		{7ECBDD53-3ED1-4BAA-B326-0C1E7FA0363F}.Release|Any CPU.Build.0 = Release|Any CPU
	EndGlobalSection
	GlobalSection(SolutionProperties) = preSolution
		HideSolutionNode = FALSE
	EndGlobalSection
	GlobalSection(ExtensibilityGlobals) = postSolution
		SolutionGuid = {A09F8FE5-44C9-458C-8495-92F3F37DFEC8}
	EndGlobalSection
EndGlobal
